
Microsoft Visual Studio Solution File, Format Version 12.00
# Visual Studio Version 16
VisualStudioVersion = 16.0.30128.74
MinimumVisualStudioVersion = 10.0.40219.1
Project("{FAE04EC0-301F-11D3-BF4B-00C04F79EFBC}") = "CCNA_Info v1", "CCNA_Info v1.csproj", "{59BEF75F-B6C0-42B3-AB7C-9A35EC9FE0FB}"
EndProject
Global
	GlobalSection(SolutionConfigurationPlatforms) = preSolution
		Debug|Any CPU = Debug|Any CPU
		Release|Any CPU = Release|Any CPU
	EndGlobalSection
	GlobalSection(ProjectConfigurationPlatforms) = postSolution
		{59BEF75F-B6C0-42B3-AB7C-9A35EC9FE0FB}.Debug|Any CPU.ActiveCfg = Debug|Any CPU
		{59BEF75F-B6C0-42B3-AB7C-9A35EC9FE0FB}.Debug|Any CPU.Build.0 = Debug|Any CPU
		{59BEF75F-B6C0-42B3-AB7C-9A35EC9FE0FB}.Release|Any CPU.ActiveCfg = Release|Any CPU
		{59BEF75F-B6C0-42B3-AB7C-9A35EC9FE0FB}.Release|Any CPU.Build.0 = Release|Any CPU
	EndGlobalSection
	GlobalSection(SolutionProperties) = preSolution
		HideSolutionNode = FALSE
	EndGlobalSection
	GlobalSection(ExtensibilityGlobals) = postSolution
		SolutionGuid = {C087FDDA-0904-4360-89A2-2AB8E55908F3}
	EndGlobalSection
EndGlobal
